// !$*UTF8*$!
{
	archiveVersion = 1;
	classes = {
	};
	objectVersion = 55;
	objects = {

/* Begin PBXBuildFile section */
		791284862886903D00C74E78 /* AppDelegate.swift in Sources */ = {isa = PBXBuildFile; fileRef = 791284852886903D00C74E78 /* AppDelegate.swift */; };
		791284882886903E00C74E78 /* Assets.xcassets in Resources */ = {isa = PBXBuildFile; fileRef = 791284872886903E00C74E78 /* Assets.xcassets */; };
		791284972886A0FF00C74E78 /* main.swift in Sources */ = {isa = PBXBuildFile; fileRef = 791284962886A0FF00C74E78 /* main.swift */; };
		7912849A2886C94600C74E78 /* Preferences in Frameworks */ = {isa = PBXBuildFile; productRef = 791284992886C94600C74E78 /* Preferences */; };
		791284D12886D1AA00C74E78 /* GeneralSettingsView.swift in Sources */ = {isa = PBXBuildFile; fileRef = 791284D22886D1AA00C74E78 /* GeneralSettingsView.swift */; };
		7914A9802896B5CF00414FCA /* Defaults in Frameworks */ = {isa = PBXBuildFile; productRef = 7914A97F2896B5CF00414FCA /* Defaults */; };
		7914A9822896B79600414FCA /* DefaultsKeys.swift in Sources */ = {isa = PBXBuildFile; fileRef = 7914A9812896B79600414FCA /* DefaultsKeys.swift */; };
		7914A9852896D82000414FCA /* LaunchAtLogin in Frameworks */ = {isa = PBXBuildFile; productRef = 7914A9842896D82000414FCA /* LaunchAtLogin */; };
		7914A9902899757B00414FCA /* Types.swift in Sources */ = {isa = PBXBuildFile; fileRef = 7914A98F2899757B00414FCA /* Types.swift */; };
		7914A99228997DCA00414FCA /* Defaults+Workaround.swift in Sources */ = {isa = PBXBuildFile; fileRef = 7914A99128997DCA00414FCA /* Defaults+Workaround.swift */; };
		791CE6C529110D5F00741063 /* KeyboardShortcuts in Frameworks */ = {isa = PBXBuildFile; productRef = 791CE6C429110D5F00741063 /* KeyboardShortcuts */; };
		793D0E2428B7695C00AC4B20 /* Calendar+NumberOfDaysBetween.swift in Sources */ = {isa = PBXBuildFile; fileRef = 793D0E2328B7695C00AC4B20 /* Calendar+NumberOfDaysBetween.swift */; };
		79408CF728B2A0B800B7727D /* Acknowledgements.rtf in Resources */ = {isa = PBXBuildFile; fileRef = 79408CF628B2A0B800B7727D /* Acknowledgements.rtf */; };
		79408CF828B2A0B800B7727D /* AboutSettingsView.swift in Sources */ = {isa = PBXBuildFile; fileRef = 79408CF928B2A0B800B7727D /* AboutSettingsView.swift */; };
		79408CFA28B2A0B800B7727D /* AdvancedSettingsView.swift in Sources */ = {isa = PBXBuildFile; fileRef = 79408CFB28B2A0B800B7727D /* AdvancedSettingsView.swift */; };
		79A0A0022A00000100C74E78 /* HideAfterOptions.swift in Sources */ = {isa = PBXBuildFile; fileRef = 79A0A0012A00000100C74E78 /* HideAfterOptions.swift */; };
		79A0A0042A00000100C74E78 /* AppSettingsResolver.swift in Sources */ = {isa = PBXBuildFile; fileRef = 79A0A0032A00000100C74E78 /* AppSettingsResolver.swift */; };
		79A0A0132A00000100C74E78 /* HideAfterOptionsTests.swift in Sources */ = {isa = PBXBuildFile; fileRef = 79A0A0122A00000100C74E78 /* HideAfterOptionsTests.swift */; };
		79A0A0152A00000100C74E78 /* AppSettingsResolverTests.swift in Sources */ = {isa = PBXBuildFile; fileRef = 79A0A0142A00000100C74E78 /* AppSettingsResolverTests.swift */; };
		79A0A0212A00000100C74E78 /* Dissolv.app in Frameworks */ = {isa = PBXBuildFile; fileRef = 791284822886903D00C74E78 /* Dissolv.app */; };
		79FFF85D28AE556B00995261 /* Notifications.swift in Sources */ = {isa = PBXBuildFile; fileRef = 79FFF85C28AE556B00995261 /* Notifications.swift */; };
/* End PBXBuildFile section */

/* Begin PBXContainerItemProxy section */
		79A0A01B2A00000100C74E78 /* PBXContainerItemProxy */ = {
			isa = PBXContainerItemProxy;
			containerPortal = 7912847A2886903C00C74E78 /* Project object */;
			proxyType = 1;
			remoteGlobalIDString = 791284812886903D00C74E78;
			remoteInfo = Dissolv;
		};
/* End PBXContainerItemProxy section */

/* Begin PBXFileReference section */
		791284822886903D00C74E78 /* Dissolv.app */ = {isa = PBXFileReference; explicitFileType = wrapper.application; includeInIndex = 0; path = Dissolv.app; sourceTree = BUILT_PRODUCTS_DIR; };
		791284852886903D00C74E78 /* AppDelegate.swift */ = {isa = PBXFileReference; lastKnownFileType = sourcecode.swift; path = AppDelegate.swift; sourceTree = "<group>"; };
		791284872886903E00C74E78 /* Assets.xcassets */ = {isa = PBXFileReference; lastKnownFileType = folder.assetcatalog; path = Assets.xcassets; sourceTree = "<group>"; };
		7912848C2886903E00C74E78 /* Dissolv.entitlements */ = {isa = PBXFileReference; lastKnownFileType = text.plist.entitlements; path = Dissolv.entitlements; sourceTree = "<group>"; };
		79128492288690AA00C74E78 /* Info.plist */ = {isa = PBXFileReference; lastKnownFileType = text.plist; path = Info.plist; sourceTree = "<group>"; };
		791284962886A0FF00C74E78 /* main.swift */ = {isa = PBXFileReference; lastKnownFileType = sourcecode.swift; path = main.swift; sourceTree = "<group>"; };
		791284D22886D1AA00C74E78 /* GeneralSettingsView.swift */ = {isa = PBXFileReference; lastKnownFileType = sourcecode.swift; path = GeneralSettingsView.swift; sourceTree = "<group>"; };
		7914A9812896B79600414FCA /* DefaultsKeys.swift */ = {isa = PBXFileReference; lastKnownFileType = sourcecode.swift; path = DefaultsKeys.swift; sourceTree = "<group>"; };
		7914A98F2899757B00414FCA /* Types.swift */ = {isa = PBXFileReference; lastKnownFileType = sourcecode.swift; path = Types.swift; sourceTree = "<group>"; };
		7914A99128997DCA00414FCA /* Defaults+Workaround.swift */ = {isa = PBXFileReference; lastKnownFileType = sourcecode.swift; path = "Defaults+Workaround.swift"; sourceTree = "<group>"; };
		793D0E2328B7695C00AC4B20 /* Calendar+NumberOfDaysBetween.swift */ = {isa = PBXFileReference; lastKnownFileType = sourcecode.swift; path = "Calendar+NumberOfDaysBetween.swift"; sourceTree = "<group>"; };
		79408CF628B2A0B800B7727D /* Acknowledgements.rtf */ = {isa = PBXFileReference; lastKnownFileType = text.rtf; path = Acknowledgements.rtf; sourceTree = "<group>"; };
		79408CF928B2A0B800B7727D /* AboutSettingsView.swift */ = {isa = PBXFileReference; lastKnownFileType = sourcecode.swift; path = AboutSettingsView.swift; sourceTree = "<group>"; };
		79408CFB28B2A0B800B7727D /* AdvancedSettingsView.swift */ = {isa = PBXFileReference; lastKnownFileType = sourcecode.swift; path = AdvancedSettingsView.swift; sourceTree = "<group>"; };
		79A0A0012A00000100C74E78 /* HideAfterOptions.swift */ = {isa = PBXFileReference; lastKnownFileType = sourcecode.swift; path = HideAfterOptions.swift; sourceTree = "<group>"; };
		79A0A0032A00000100C74E78 /* AppSettingsResolver.swift */ = {isa = PBXFileReference; lastKnownFileType = sourcecode.swift; path = AppSettingsResolver.swift; sourceTree = "<group>"; };
		79A0A0102A00000100C74E78 /* DissolvTests.xctest */ = {isa = PBXFileReference; explicitFileType = wrapper.cfbundle; includeInIndex = 0; path = DissolvTests.xctest; sourceTree = BUILT_PRODUCTS_DIR; };
		79A0A0122A00000100C74E78 /* HideAfterOptionsTests.swift */ = {isa = PBXFileReference; lastKnownFileType = sourcecode.swift; path = HideAfterOptionsTests.swift; sourceTree = "<group>"; };
		79A0A0142A00000100C74E78 /* AppSettingsResolverTests.swift */ = {isa = PBXFileReference; lastKnownFileType = sourcecode.swift; path = AppSettingsResolverTests.swift; sourceTree = "<group>"; };
		79FFF85C28AE556B00995261 /* Notifications.swift */ = {isa = PBXFileReference; lastKnownFileType = sourcecode.swift; path = Notifications.swift; sourceTree = "<group>"; };
/* End PBXFileReference section */

/* Begin PBXFrameworksBuildPhase section */
		7912847F2886903D00C74E78 /* Frameworks */ = {
			isa = PBXFrameworksBuildPhase;
			buildActionMask = 2147483647;
			files = (
				7914A9852896D82000414FCA /* LaunchAtLogin in Frameworks */,
				791CE6C529110D5F00741063 /* KeyboardShortcuts in Frameworks */,
				7914A9802896B5CF00414FCA /* Defaults in Frameworks */,
				7912849A2886C94600C74E78 /* Preferences in Frameworks */,
			);
			runOnlyForDeploymentPostprocessing = 0;
		};
		79A0A0182A00000100C74E78 /* Frameworks */ = {
			isa = PBXFrameworksBuildPhase;
			buildActionMask = 2147483647;
			files = (
				79A0A0212A00000100C74E78 /* Dissolv.app in Frameworks */,
			);
			runOnlyForDeploymentPostprocessing = 0;
		};
/* End PBXFrameworksBuildPhase section */

/* Begin PBXGroup section */
		791284792886903C00C74E78 = {
			isa = PBXGroup;
			children = (
				791284842886903D00C74E78 /* Dissolv */,
				79A0A0112A00000100C74E78 /* DissolvTests */,
				791284832886903D00C74E78 /* Products */,
			);
			sourceTree = "<group>";
		};
		791284832886903D00C74E78 /* Products */ = {
			isa = PBXGroup;
			children = (
				791284822886903D00C74E78 /* Dissolv.app */,
				79A0A0102A00000100C74E78 /* DissolvTests.xctest */,
			);
			name = Products;
			sourceTree = "<group>";
		};
		791284842886903D00C74E78 /* Dissolv */ = {
			isa = PBXGroup;
			children = (
				79128492288690AA00C74E78 /* Info.plist */,
				791284852886903D00C74E78 /* AppDelegate.swift */,
				791284872886903E00C74E78 /* Assets.xcassets */,
				7912848C2886903E00C74E78 /* Dissolv.entitlements */,
				7914A9812896B79600414FCA /* DefaultsKeys.swift */,
				7914A99128997DCA00414FCA /* Defaults+Workaround.swift */,
				79FFF85C28AE556B00995261 /* Notifications.swift */,
				7914A98F2899757B00414FCA /* Types.swift */,
				79A0A0012A00000100C74E78 /* HideAfterOptions.swift */,
				79A0A0032A00000100C74E78 /* AppSettingsResolver.swift */,
				791284962886A0FF00C74E78 /* main.swift */,
				79408CFB28B2A0B800B7727D /* AdvancedSettingsView.swift */,
				791284D22886D1AA00C74E78 /* GeneralSettingsView.swift */,
				79408CF928B2A0B800B7727D /* AboutSettingsView.swift */,
				79408CF628B2A0B800B7727D /* Acknowledgements.rtf */,
				793D0E2328B7695C00AC4B20 /* Calendar+NumberOfDaysBetween.swift */,
			);
			path = Dissolv;
			sourceTree = "<group>";
		};
		79A0A0112A00000100C74E78 /* DissolvTests */ = {
			isa = PBXGroup;
			children = (
				79A0A0122A00000100C74E78 /* HideAfterOptionsTests.swift */,
				79A0A0142A00000100C74E78 /* AppSettingsResolverTests.swift */,
			);
			path = DissolvTests;
			sourceTree = "<group>";
		};
/* End PBXGroup section */

/* Begin PBXNativeTarget section */
		791284812886903D00C74E78 /* Dissolv */ = {
			isa = PBXNativeTarget;
			buildConfigurationList = 7912848F2886903E00C74E78 /* Build configuration list for PBXNativeTarget "Dissolv" */;
			buildPhases = (
				7912847E2886903D00C74E78 /* Sources */,
				7912847F2886903D00C74E78 /* Frameworks */,
				791284802886903D00C74E78 /* Resources */,
				7914A9862896D83800414FCA /* Copy “Launch at Login Helper” */,
			);
			buildRules = (
			);
			dependencies = (
			);
			name = Dissolv;
			packageProductDependencies = (
				791284992886C94600C74E78 /* Preferences */,
				7914A97F2896B5CF00414FCA /* Defaults */,
				7914A9842896D82000414FCA /* LaunchAtLogin */,
				791CE6C429110D5F00741063 /* KeyboardShortcuts */,
			);
			productName = Dissolv;
			productReference = 791284822886903D00C74E78 /* Dissolv.app */;
			productType = "com.apple.product-type.application";
		};
		79A0A0162A00000100C74E78 /* DissolvTests */ = {
			isa = PBXNativeTarget;
			buildConfigurationList = 79A0A01C2A00000100C74E78 /* Build configuration list for PBXNativeTarget "DissolvTests" */;
			buildPhases = (
				79A0A0172A00000100C74E78 /* Sources */,
				79A0A0182A00000100C74E78 /* Frameworks */,
				79A0A0192A00000100C74E78 /* Resources */,
			);
			buildRules = (
			);
			dependencies = (
				79A0A01A2A00000100C74E78 /* PBXTargetDependency */,
			);
			name = DissolvTests;
			productName = DissolvTests;
			productReference = 79A0A0102A00000100C74E78 /* DissolvTests.xctest */;
			productType = "com.apple.product-type.bundle.unit-test";
		};
/* End PBXNativeTarget section */

/* Begin PBXProject section */
		7912847A2886903C00C74E78 /* Project object */ = {
			isa = PBXProject;
			attributes = {
				BuildIndependentTargetsInParallel = 1;
				LastSwiftUpdateCheck = 1340;
				LastUpgradeCheck = 1410;
				TargetAttributes = {
					791284812886903D00C74E78 = {
						CreatedOnToolsVersion = 13.4;
					};
					79A0A0162A00000100C74E78 = {
						CreatedOnToolsVersion = 13.4;
						TestTargetID = 791284812886903D00C74E78;
					};
				};
			};
			buildConfigurationList = 7912847D2886903C00C74E78 /* Build configuration list for PBXProject "Dissolv" */;
			compatibilityVersion = "Xcode 13.0";
			developmentRegion = en;
			hasScannedForEncodings = 0;
			knownRegions = (
				en,
				Base,
			);
			mainGroup = 791284792886903C00C74E78;
			packageReferences = (
				791284982886C94600C74E78 /* XCRemoteSwiftPackageReference "Preferences" */,
				7914A97E2896B5CF00414FCA /* XCRemoteSwiftPackageReference "Defaults" */,
				7914A9832896D82000414FCA /* XCRemoteSwiftPackageReference "LaunchAtLogin" */,
				791CE6C329110D5F00741063 /* XCRemoteSwiftPackageReference "KeyboardShortcuts" */,
			);
			productRefGroup = 791284832886903D00C74E78 /* Products */;
			projectDirPath = "";
			projectRoot = "";
			targets = (
				791284812886903D00C74E78 /* Dissolv */,
				79A0A0162A00000100C74E78 /* DissolvTests */,
			);
		};
/* End PBXProject section */

/* Begin PBXResourcesBuildPhase section */
		791284802886903D00C74E78 /* Resources */ = {
			isa = PBXResourcesBuildPhase;
			buildActionMask = 2147483647;
			files = (
				79408CF728B2A0B800B7727D /* Acknowledgements.rtf in Resources */,
				791284882886903E00C74E78 /* Assets.xcassets in Resources */,
			);
			runOnlyForDeploymentPostprocessing = 0;
		};
		79A0A0192A00000100C74E78 /* Resources */ = {
			isa = PBXResourcesBuildPhase;
			buildActionMask = 2147483647;
			files = (
			);
			runOnlyForDeploymentPostprocessing = 0;
		};
/* End PBXResourcesBuildPhase section */

/* Begin PBXShellScriptBuildPhase section */
		7914A9862896D83800414FCA /* Copy “Launch at Login Helper” */ = {
			isa = PBXShellScriptBuildPhase;
			buildActionMask = 2147483647;
			files = (
			);
			inputFileListPaths = (
			);
			inputPaths = (
			);
			name = "Copy “Launch at Login Helper”";
			outputFileListPaths = (
			);
			outputPaths = (
			);
			runOnlyForDeploymentPostprocessing = 0;
			shellPath = /bin/sh;
			shellScript = "\"${BUILT_PRODUCTS_DIR}/LaunchAtLogin_LaunchAtLogin.bundle/Contents/Resources/copy-helper-swiftpm.sh\"\n";
		};
/* End PBXShellScriptBuildPhase section */

/* Begin PBXSourcesBuildPhase section */
		7912847E2886903D00C74E78 /* Sources */ = {
			isa = PBXSourcesBuildPhase;
			buildActionMask = 2147483647;
			files = (
				79FFF85D28AE556B00995261 /* Notifications.swift in Sources */,
				7914A9822896B79600414FCA /* DefaultsKeys.swift in Sources */,
				79408CF828B2A0B800B7727D /* AboutSettingsView.swift in Sources */,
				79408CFA28B2A0B800B7727D /* AdvancedSettingsView.swift in Sources */,
				791284972886A0FF00C74E78 /* main.swift in Sources */,
				79A0A0022A00000100C74E78 /* HideAfterOptions.swift in Sources */,
				7914A9902899757B00414FCA /* Types.swift in Sources */,
				7914A99228997DCA00414FCA /* Defaults+Workaround.swift in Sources */,
				79A0A0042A00000100C74E78 /* AppSettingsResolver.swift in Sources */,
				793D0E2428B7695C00AC4B20 /* Calendar+NumberOfDaysBetween.swift in Sources */,
				791284D12886D1AA00C74E78 /* GeneralSettingsView.swift in Sources */,
				791284862886903D00C74E78 /* AppDelegate.swift in Sources */,
			);
			runOnlyForDeploymentPostprocessing = 0;
		};
		79A0A0172A00000100C74E78 /* Sources */ = {
			isa = PBXSourcesBuildPhase;
			buildActionMask = 2147483647;
			files = (
				79A0A0152A00000100C74E78 /* AppSettingsResolverTests.swift in Sources */,
				79A0A0132A00000100C74E78 /* HideAfterOptionsTests.swift in Sources */,
			);
			runOnlyForDeploymentPostprocessing = 0;
		};
/* End PBXSourcesBuildPhase section */

/* Begin PBXTargetDependency section */
		79A0A01A2A00000100C74E78 /* PBXTargetDependency */ = {
			isa = PBXTargetDependency;
			target = 791284812886903D00C74E78 /* Dissolv */;
			targetProxy = 79A0A01B2A00000100C74E78 /* PBXContainerItemProxy */;
		};
/* End PBXTargetDependency section */

/* Begin XCBuildConfiguration section */
		7912848D2886903E00C74E78 /* Debug */ = {
			isa = XCBuildConfiguration;
			buildSettings = {
				ALWAYS_SEARCH_USER_PATHS = NO;
				CLANG_ANALYZER_NONNULL = YES;
				CLANG_ANALYZER_NUMBER_OBJECT_CONVERSION = YES_AGGRESSIVE;
				CLANG_CXX_LANGUAGE_STANDARD = "gnu++17";
				CLANG_ENABLE_MODULES = YES;
				CLANG_ENABLE_OBJC_ARC = YES;
				CLANG_ENABLE_OBJC_WEAK = YES;
				CLANG_WARN_BLOCK_CAPTURE_AUTORELEASING = YES;
				CLANG_WARN_BOOL_CONVERSION = YES;
				CLANG_WARN_COMMA = YES;
				CLANG_WARN_CONSTANT_CONVERSION = YES;
				CLANG_WARN_DEPRECATED_OBJC_IMPLEMENTATIONS = YES;
				CLANG_WARN_DIRECT_OBJC_ISA_USAGE = YES_ERROR;
				CLANG_WARN_DOCUMENTATION_COMMENTS = YES;
				CLANG_WARN_EMPTY_BODY = YES;
				CLANG_WARN_ENUM_CONVERSION = YES;
				CLANG_WARN_INFINITE_RECURSION = YES;
				CLANG_WARN_INT_CONVERSION = YES;
				CLANG_WARN_NON_LITERAL_NULL_CONVERSION = YES;
				CLANG_WARN_OBJC_IMPLICIT_RETAIN_SELF = YES;
				CLANG_WARN_OBJC_LITERAL_CONVERSION = YES;
				CLANG_WARN_OBJC_ROOT_CLASS = YES_ERROR;
				CLANG_WARN_QUOTED_INCLUDE_IN_FRAMEWORK_HEADER = YES;
				CLANG_WARN_RANGE_LOOP_ANALYSIS = YES;
				CLANG_WARN_STRICT_PROTOTYPES = YES;
				CLANG_WARN_SUSPICIOUS_MOVE = YES;
				CLANG_WARN_UNGUARDED_AVAILABILITY = YES_AGGRESSIVE;
				CLANG_WARN_UNREACHABLE_CODE = YES;
				CLANG_WARN__DUPLICATE_METHOD_MATCH = YES;
				COPY_PHASE_STRIP = NO;
				DEAD_CODE_STRIPPING = YES;
				DEBUG_INFORMATION_FORMAT = dwarf;
				ENABLE_STRICT_OBJC_MSGSEND = YES;
				ENABLE_TESTABILITY = YES;
				GCC_C_LANGUAGE_STANDARD = gnu11;
				GCC_DYNAMIC_NO_PIC = NO;
				GCC_NO_COMMON_BLOCKS = YES;
				GCC_OPTIMIZATION_LEVEL = 0;
				GCC_PREPROCESSOR_DEFINITIONS = (
					"DEBUG=1",
					"$(inherited)",
				);
				GCC_WARN_64_TO_32_BIT_CONVERSION = YES;
				GCC_WARN_ABOUT_RETURN_TYPE = YES_ERROR;
				GCC_WARN_UNDECLARED_SELECTOR = YES;
				GCC_WARN_UNINITIALIZED_AUTOS = YES_AGGRESSIVE;
				GCC_WARN_UNUSED_FUNCTION = YES;
				GCC_WARN_UNUSED_VARIABLE = YES;
				MACOSX_DEPLOYMENT_TARGET = 12.0;
				MTL_ENABLE_DEBUG_INFO = INCLUDE_SOURCE;
				MTL_FAST_MATH = YES;
				ONLY_ACTIVE_ARCH = YES;
				SDKROOT = macosx;
				SWIFT_ACTIVE_COMPILATION_CONDITIONS = DEBUG;
				SWIFT_OPTIMIZATION_LEVEL = "-Onone";
			};
			name = Debug;
		};
		7912848E2886903E00C74E78 /* Release */ = {
			isa = XCBuildConfiguration;
			buildSettings = {
				ALWAYS_SEARCH_USER_PATHS = NO;
				CLANG_ANALYZER_NONNULL = YES;
				CLANG_ANALYZER_NUMBER_OBJECT_CONVERSION = YES_AGGRESSIVE;
				CLANG_CXX_LANGUAGE_STANDARD = "gnu++17";
				CLANG_ENABLE_MODULES = YES;
				CLANG_ENABLE_OBJC_ARC = YES;
				CLANG_ENABLE_OBJC_WEAK = YES;
				CLANG_WARN_BLOCK_CAPTURE_AUTORELEASING = YES;
				CLANG_WARN_BOOL_CONVERSION = YES;
				CLANG_WARN_COMMA = YES;
				CLANG_WARN_CONSTANT_CONVERSION = YES;
				CLANG_WARN_DEPRECATED_OBJC_IMPLEMENTATIONS = YES;
				CLANG_WARN_DIRECT_OBJC_ISA_USAGE = YES_ERROR;
				CLANG_WARN_DOCUMENTATION_COMMENTS = YES;
				CLANG_WARN_EMPTY_BODY = YES;
				CLANG_WARN_ENUM_CONVERSION = YES;
				CLANG_WARN_INFINITE_RECURSION = YES;
				CLANG_WARN_INT_CONVERSION = YES;
				CLANG_WARN_NON_LITERAL_NULL_CONVERSION = YES;
				CLANG_WARN_OBJC_IMPLICIT_RETAIN_SELF = YES;
				CLANG_WARN_OBJC_LITERAL_CONVERSION = YES;
				CLANG_WARN_OBJC_ROOT_CLASS = YES_ERROR;
				CLANG_WARN_QUOTED_INCLUDE_IN_FRAMEWORK_HEADER = YES;
				CLANG_WARN_RANGE_LOOP_ANALYSIS = YES;
				CLANG_WARN_STRICT_PROTOTYPES = YES;
				CLANG_WARN_SUSPICIOUS_MOVE = YES;
				CLANG_WARN_UNGUARDED_AVAILABILITY = YES_AGGRESSIVE;
				CLANG_WARN_UNREACHABLE_CODE = YES;
				CLANG_WARN__DUPLICATE_METHOD_MATCH = YES;
				COPY_PHASE_STRIP = NO;
				DEAD_CODE_STRIPPING = YES;
				DEBUG_INFORMATION_FORMAT = "dwarf-with-dsym";
				ENABLE_NS_ASSERTIONS = NO;
				ENABLE_STRICT_OBJC_MSGSEND = YES;
				GCC_C_LANGUAGE_STANDARD = gnu11;
				GCC_NO_COMMON_BLOCKS = YES;
				GCC_WARN_64_TO_32_BIT_CONVERSION = YES;
				GCC_WARN_ABOUT_RETURN_TYPE = YES_ERROR;
				GCC_WARN_UNDECLARED_SELECTOR = YES;
				GCC_WARN_UNINITIALIZED_AUTOS = YES_AGGRESSIVE;
				GCC_WARN_UNUSED_FUNCTION = YES;
				GCC_WARN_UNUSED_VARIABLE = YES;
				MACOSX_DEPLOYMENT_TARGET = 12.0;
				MTL_ENABLE_DEBUG_INFO = NO;
				MTL_FAST_MATH = YES;
				SDKROOT = macosx;
				SWIFT_COMPILATION_MODE = wholemodule;
				SWIFT_OPTIMIZATION_LEVEL = "-O";
			};
			name = Release;
		};
		791284902886903E00C74E78 /* Debug */ = {
			isa = XCBuildConfiguration;
			buildSettings = {
				ASSETCATALOG_COMPILER_APPICON_NAME = AppIcon;
				ASSETCATALOG_COMPILER_GLOBAL_ACCENT_COLOR_NAME = AccentColor;
				CODE_SIGN_ENTITLEMENTS = Dissolv/Dissolv.entitlements;
				CODE_SIGN_IDENTITY = "-";
				"CODE_SIGN_IDENTITY[sdk=macosx*]" = "-";
				CODE_SIGN_STYLE = Automatic;
				COMBINE_HIDPI_IMAGES = YES;
				CURRENT_PROJECT_VERSION = 8;
				DEAD_CODE_STRIPPING = YES;
				DEVELOPMENT_TEAM = LAJ7DL97K7;
				ENABLE_HARDENED_RUNTIME = YES;
				GENERATE_INFOPLIST_FILE = YES;
				INFOPLIST_FILE = Dissolv/Info.plist;
				INFOPLIST_KEY_LSApplicationCategoryType = "public.app-category.utilities";
				INFOPLIST_KEY_NSHumanReadableCopyright = "";
				INFOPLIST_KEY_NSPrincipalClass = NSApplication;
				LD_RUNPATH_SEARCH_PATHS = (
					"$(inherited)",
					"@executable_path/../Frameworks",
				);
				MACOSX_DEPLOYMENT_TARGET = 12.0;
				MARKETING_VERSION = 1.2.0;
				PRODUCT_BUNDLE_IDENTIFIER = com.7sols.Dissolv;
				PRODUCT_NAME = "$(TARGET_NAME)";
				SWIFT_EMIT_LOC_STRINGS = YES;
				SWIFT_VERSION = 5.0;
			};
			name = Debug;
		};
		791284912886903E00C74E78 /* Release */ = {
			isa = XCBuildConfiguration;
			buildSettings = {
				ASSETCATALOG_COMPILER_APPICON_NAME = AppIcon;
				ASSETCATALOG_COMPILER_GLOBAL_ACCENT_COLOR_NAME = AccentColor;
				CODE_SIGN_ENTITLEMENTS = Dissolv/Dissolv.entitlements;
				CODE_SIGN_IDENTITY = "-";
				"CODE_SIGN_IDENTITY[sdk=macosx*]" = "-";
				CODE_SIGN_STYLE = Automatic;
				COMBINE_HIDPI_IMAGES = YES;
				CURRENT_PROJECT_VERSION = 8;
				DEAD_CODE_STRIPPING = YES;
				DEVELOPMENT_TEAM = LAJ7DL97K7;
				ENABLE_HARDENED_RUNTIME = YES;
				GENERATE_INFOPLIST_FILE = YES;
				INFOPLIST_FILE = Dissolv/Info.plist;
				INFOPLIST_KEY_LSApplicationCategoryType = "public.app-category.utilities";
				INFOPLIST_KEY_NSHumanReadableCopyright = "";
				INFOPLIST_KEY_NSPrincipalClass = NSApplication;
				LD_RUNPATH_SEARCH_PATHS = (
					"$(inherited)",
					"@executable_path/../Frameworks",
				);
				MACOSX_DEPLOYMENT_TARGET = 12.0;
				MARKETING_VERSION = 1.2.0;
				PRODUCT_BUNDLE_IDENTIFIER = com.7sols.Dissolv;
				PRODUCT_NAME = "$(TARGET_NAME)";
				SWIFT_EMIT_LOC_STRINGS = YES;
				SWIFT_VERSION = 5.0;
			};
			name = Release;
		};
		79A0A01D2A00000100C74E78 /* Debug */ = {
			isa = XCBuildConfiguration;
			buildSettings = {
				BUNDLE_LOADER = "$(TEST_HOST)";
				CODE_SIGN_IDENTITY = "-";
				CODE_SIGN_STYLE = Automatic;
				GENERATE_INFOPLIST_FILE = YES;
				INFOPLIST_KEY_NSPrincipalClass = "";
				LD_RUNPATH_SEARCH_PATHS = (
					"$(inherited)",
					"@executable_path/../Frameworks",
					"@loader_path/../Frameworks",
				);
				MACOSX_DEPLOYMENT_TARGET = 12.0;
				PRODUCT_BUNDLE_IDENTIFIER = com.7sols.DissolvTests;
				PRODUCT_NAME = "$(TARGET_NAME)";
				SWIFT_VERSION = 5.0;
				TEST_HOST = "$(BUILT_PRODUCTS_DIR)/Dissolv.app/Contents/MacOS/Dissolv";
			};
			name = Debug;
		};
		79A0A01E2A00000100C74E78 /* Release */ = {
			isa = XCBuildConfiguration;
			buildSettings = {
				BUNDLE_LOADER = "$(TEST_HOST)";
				CODE_SIGN_IDENTITY = "-";
				CODE_SIGN_STYLE = Automatic;
				GENERATE_INFOPLIST_FILE = YES;
				INFOPLIST_KEY_NSPrincipalClass = "";
				LD_RUNPATH_SEARCH_PATHS = (
					"$(inherited)",
					"@executable_path/../Frameworks",
					"@loader_path/../Frameworks",
				);
				MACOSX_DEPLOYMENT_TARGET = 12.0;
				PRODUCT_BUNDLE_IDENTIFIER = com.7sols.DissolvTests;
				PRODUCT_NAME = "$(TARGET_NAME)";
				SWIFT_VERSION = 5.0;
				TEST_HOST = "$(BUILT_PRODUCTS_DIR)/Dissolv.app/Contents/MacOS/Dissolv";
			};
			name = Release;
		};
/* End XCBuildConfiguration section */

/* Begin XCConfigurationList section */
		7912847D2886903C00C74E78 /* Build configuration list for PBXProject "Dissolv" */ = {
			isa = XCConfigurationList;
			buildConfigurations = (
				7912848D2886903E00C74E78 /* Debug */,
				7912848E2886903E00C74E78 /* Release */,
			);
			defaultConfigurationIsVisible = 0;
			defaultConfigurationName = Release;
		};
		7912848F2886903E00C74E78 /* Build configuration list for PBXNativeTarget "Dissolv" */ = {
			isa = XCConfigurationList;
			buildConfigurations = (
				791284902886903E00C74E78 /* Debug */,
				791284912886903E00C74E78 /* Release */,
			);
			defaultConfigurationIsVisible = 0;
			defaultConfigurationName = Release;
		};
		79A0A01C2A00000100C74E78 /* Build configuration list for PBXNativeTarget "DissolvTests" */ = {
			isa = XCConfigurationList;
			buildConfigurations = (
				79A0A01D2A00000100C74E78 /* Debug */,
				79A0A01E2A00000100C74E78 /* Release */,
			);
			defaultConfigurationIsVisible = 0;
			defaultConfigurationName = Release;
		};
/* End XCConfigurationList section */

/* Begin XCRemoteSwiftPackageReference section */
		791284982886C94600C74E78 /* XCRemoteSwiftPackageReference "Preferences" */ = {
			isa = XCRemoteSwiftPackageReference;
			repositoryURL = "https://github.com/sindresorhus/Preferences";
			requirement = {
				kind = upToNextMajorVersion;
				minimumVersion = 2.6.0;
			};
		};
		7914A97E2896B5CF00414FCA /* XCRemoteSwiftPackageReference "Defaults" */ = {
			isa = XCRemoteSwiftPackageReference;
			repositoryURL = "https://github.com/sindresorhus/Defaults";
			requirement = {
				kind = upToNextMajorVersion;
				minimumVersion = 6.3.0;
			};
		};
		7914A9832896D82000414FCA /* XCRemoteSwiftPackageReference "LaunchAtLogin" */ = {
			isa = XCRemoteSwiftPackageReference;
			repositoryURL = "https://github.com/sindresorhus/LaunchAtLogin";
			requirement = {
				kind = upToNextMajorVersion;
				minimumVersion = 4.2.0;
			};
		};
		791CE6C329110D5F00741063 /* XCRemoteSwiftPackageReference "KeyboardShortcuts" */ = {
			isa = XCRemoteSwiftPackageReference;
			repositoryURL = "https://github.com/sindresorhus/KeyboardShortcuts";
			requirement = {
				kind = upToNextMajorVersion;
				minimumVersion = 1.9.0;
			};
		};
/* End XCRemoteSwiftPackageReference section */

/* Begin XCSwiftPackageProductDependency section */
		791284992886C94600C74E78 /* Preferences */ = {
			isa = XCSwiftPackageProductDependency;
			package = 791284982886C94600C74E78 /* XCRemoteSwiftPackageReference "Preferences" */;
			productName = Preferences;
		};
		7914A97F2896B5CF00414FCA /* Defaults */ = {
			isa = XCSwiftPackageProductDependency;
			package = 7914A97E2896B5CF00414FCA /* XCRemoteSwiftPackageReference "Defaults" */;
			productName = Defaults;
		};
		7914A9842896D82000414FCA /* LaunchAtLogin */ = {
			isa = XCSwiftPackageProductDependency;
			package = 7914A9832896D82000414FCA /* XCRemoteSwiftPackageReference "LaunchAtLogin" */;
			productName = LaunchAtLogin;
		};
		791CE6C429110D5F00741063 /* KeyboardShortcuts */ = {
			isa = XCSwiftPackageProductDependency;
			package = 791CE6C329110D5F00741063 /* XCRemoteSwiftPackageReference "KeyboardShortcuts" */;
			productName = KeyboardShortcuts;
		};
/* End XCSwiftPackageProductDependency section */
	};
	rootObject = 7912847A2886903C00C74E78 /* Project object */;
}
